// !$*UTF8*$!
{
	archiveVersion = 1;
	classes = {
	};
	objectVersion = 55;
	objects = {

/* Begin PBXBuildFile section */
		A908F155285F2C3800374FE4 /* AppDelegate.m in Sources */ = {isa = PBXBuildFile; fileRef = A908F154285F2C3800374FE4 /* AppDelegate.m */; };
		A908F158285F2C3800374FE4 /* SceneDelegate.m in Sources */ = {isa = PBXBuildFile; fileRef = A908F157285F2C3800374FE4 /* SceneDelegate.m */; };
		A908F15B285F2C3800374FE4 /* ViewController.m in Sources */ = {isa = PBXBuildFile; fileRef = A908F15A285F2C3800374FE4 /* ViewController.m */; };
		A908F15E285F2C3800374FE4 /* Main.storyboard in Resources */ = {isa = PBXBuildFile; fileRef = A908F15C285F2C3800374FE4 /* Main.storyboard */; };
		A908F160285F2C3C00374FE4 /* Assets.xcassets in Resources */ = {isa = PBXBuildFile; fileRef = A908F15F285F2C3C00374FE4 /* Assets.xcassets */; };
		A908F163285F2C3C00374FE4 /* LaunchScreen.storyboard in Resources */ = {isa = PBXBuildFile; fileRef = A908F161285F2C3C00374FE4 /* LaunchScreen.storyboard */; };
		A908F166285F2C3C00374FE4 /* main.m in Sources */ = {isa = PBXBuildFile; fileRef = A908F165285F2C3C00374FE4 /* main.m */; };
		A93FFABD2872A06500142F8D /* GTNormalTableViewCell.m in Sources */ = {isa = PBXBuildFile; fileRef = A93FFABC2872A06500142F8D /* GTNormalTableViewCell.m */; };
		A971FBD1286AFF4300FED5A4 /* TableViewDataSource.m in Sources */ = {isa = PBXBuildFile; fileRef = A971FBD0286AFF4300FED5A4 /* TableViewDataSource.m */; };
		A99B234F287021E3000E8458 /* GTRecommendViewController.m in Sources */ = {isa = PBXBuildFile; fileRef = A99B234E287021E3000E8458 /* GTRecommendViewController.m */; };
		A9AFFBE62877FC9A00A2D33B /* GTDetailViewController.m in Sources */ = {isa = PBXBuildFile; fileRef = A9AFFBE52877FC9A00A2D33B /* GTDetailViewController.m */; };
		A9F5CFB2286DAB0A008E7533 /* GTChatViewController.m in Sources */ = {isa = PBXBuildFile; fileRef = A9F5CFB1286DAB0A008E7533 /* GTChatViewController.m */; };
/* End PBXBuildFile section */

/* Begin PBXFileReference section */
		A908F150285F2C3800374FE4 /* FirstApp.app */ = {isa = PBXFileReference; explicitFileType = wrapper.application; includeInIndex = 0; path = FirstApp.app; sourceTree = BUILT_PRODUCTS_DIR; };
		A908F153285F2C3800374FE4 /* AppDelegate.h */ = {isa = PBXFileReference; lastKnownFileType = sourcecode.c.h; path = AppDelegate.h; sourceTree = "<group>"; };
		A908F154285F2C3800374FE4 /* AppDelegate.m */ = {isa = PBXFileReference; lastKnownFileType = sourcecode.c.objc; path = AppDelegate.m; sourceTree = "<group>"; };
		A908F156285F2C3800374FE4 /* SceneDelegate.h */ = {isa = PBXFileReference; lastKnownFileType = sourcecode.c.h; path = SceneDelegate.h; sourceTree = "<group>"; };
		A908F157285F2C3800374FE4 /* SceneDelegate.m */ = {isa = PBXFileReference; lastKnownFileType = sourcecode.c.objc; path = SceneDelegate.m; sourceTree = "<group>"; };
		A908F159285F2C3800374FE4 /* ViewController.h */ = {isa = PBXFileReference; lastKnownFileType = sourcecode.c.h; path = ViewController.h; sourceTree = "<group>"; };
		A908F15A285F2C3800374FE4 /* ViewController.m */ = {isa = PBXFileReference; lastKnownFileType = sourcecode.c.objc; path = ViewController.m; sourceTree = "<group>"; };
		A908F15D285F2C3800374FE4 /* Base */ = {isa = PBXFileReference; lastKnownFileType = file.storyboard; name = Base; path = Base.lproj/Main.storyboard; sourceTree = "<group>"; };
		A908F15F285F2C3C00374FE4 /* Assets.xcassets */ = {isa = PBXFileReference; lastKnownFileType = folder.assetcatalog; path = Assets.xcassets; sourceTree = "<group>"; };
		A908F162285F2C3C00374FE4 /* Base */ = {isa = PBXFileReference; lastKnownFileType = file.storyboard; name = Base; path = Base.lproj/LaunchScreen.storyboard; sourceTree = "<group>"; };
		A908F164285F2C3C00374FE4 /* Info.plist */ = {isa = PBXFileReference; lastKnownFileType = text.plist.xml; path = Info.plist; sourceTree = "<group>"; };
		A908F165285F2C3C00374FE4 /* main.m */ = {isa = PBXFileReference; lastKnownFileType = sourcecode.c.objc; path = main.m; sourceTree = "<group>"; };
		A93FFABB2872A06500142F8D /* GTNormalTableViewCell.h */ = {isa = PBXFileReference; lastKnownFileType = sourcecode.c.h; path = GTNormalTableViewCell.h; sourceTree = "<group>"; };
		A93FFABC2872A06500142F8D /* GTNormalTableViewCell.m */ = {isa = PBXFileReference; lastKnownFileType = sourcecode.c.objc; path = GTNormalTableViewCell.m; sourceTree = "<group>"; };
		A971FBD0286AFF4300FED5A4 /* TableViewDataSource.m */ = {isa = PBXFileReference; lastKnownFileType = sourcecode.c.objc; path = TableViewDataSource.m; sourceTree = "<group>"; };
		A971FBD2286AFF6D00FED5A4 /* TableViewDataSource.h */ = {isa = PBXFileReference; lastKnownFileType = sourcecode.c.h; path = TableViewDataSource.h; sourceTree = "<group>"; };
		A99B234D287021E3000E8458 /* GTRecommendViewController.h */ = {isa = PBXFileReference; lastKnownFileType = sourcecode.c.h; path = GTRecommendViewController.h; sourceTree = "<group>"; };
		A99B234E287021E3000E8458 /* GTRecommendViewController.m */ = {isa = PBXFileReference; lastKnownFileType = sourcecode.c.objc; path = GTRecommendViewController.m; sourceTree = "<group>"; };
		A9AFFBE42877FC9A00A2D33B /* GTDetailViewController.h */ = {isa = PBXFileReference; lastKnownFileType = sourcecode.c.h; path = GTDetailViewController.h; sourceTree = "<group>"; };
		A9AFFBE52877FC9A00A2D33B /* GTDetailViewController.m */ = {isa = PBXFileReference; lastKnownFileType = sourcecode.c.objc; path = GTDetailViewController.m; sourceTree = "<group>"; };
		A9F5CFB0286DAB0A008E7533 /* GTChatViewController.h */ = {isa = PBXFileReference; lastKnownFileType = sourcecode.c.h; path = GTChatViewController.h; sourceTree = "<group>"; };
		A9F5CFB1286DAB0A008E7533 /* GTChatViewController.m */ = {isa = PBXFileReference; lastKnownFileType = sourcecode.c.objc; path = GTChatViewController.m; sourceTree = "<group>"; };
/* End PBXFileReference section */

/* Begin PBXFrameworksBuildPhase section */
		A908F14D285F2C3800374FE4 /* Frameworks */ = {
			isa = PBXFrameworksBuildPhase;
			buildActionMask = 2147483647;
			files = (
			);
			runOnlyForDeploymentPostprocessing = 0;
		};
/* End PBXFrameworksBuildPhase section */

/* Begin PBXGroup section */
		A908F147285F2C3700374FE4 = {
			isa = PBXGroup;
			children = (
				A908F152285F2C3800374FE4 /* FirstApp */,
				A908F151285F2C3800374FE4 /* Products */,
			);
			sourceTree = "<group>";
		};
		A908F151285F2C3800374FE4 /* Products */ = {
			isa = PBXGroup;
			children = (
				A908F150285F2C3800374FE4 /* FirstApp.app */,
			);
			name = Products;
			sourceTree = "<group>";
		};
		A908F152285F2C3800374FE4 /* FirstApp */ = {
			isa = PBXGroup;
			children = (
				A99B234D287021E3000E8458 /* GTRecommendViewController.h */,
				A99B234E287021E3000E8458 /* GTRecommendViewController.m */,
				A908F153285F2C3800374FE4 /* AppDelegate.h */,
				A908F154285F2C3800374FE4 /* AppDelegate.m */,
				A908F156285F2C3800374FE4 /* SceneDelegate.h */,
				A908F157285F2C3800374FE4 /* SceneDelegate.m */,
				A9F5CFB0286DAB0A008E7533 /* GTChatViewController.h */,
				A9F5CFB1286DAB0A008E7533 /* GTChatViewController.m */,
				A908F159285F2C3800374FE4 /* ViewController.h */,
				A908F15A285F2C3800374FE4 /* ViewController.m */,
				A9AFFBE42877FC9A00A2D33B /* GTDetailViewController.h */,
				A9AFFBE52877FC9A00A2D33B /* GTDetailViewController.m */,
				A908F15C285F2C3800374FE4 /* Main.storyboard */,
				A908F15F285F2C3C00374FE4 /* Assets.xcassets */,
				A908F161285F2C3C00374FE4 /* LaunchScreen.storyboard */,
				A908F164285F2C3C00374FE4 /* Info.plist */,
				A908F165285F2C3C00374FE4 /* main.m */,
				A971FBD0286AFF4300FED5A4 /* TableViewDataSource.m */,
				A971FBD2286AFF6D00FED5A4 /* TableViewDataSource.h */,
				A93FFABB2872A06500142F8D /* GTNormalTableViewCell.h */,
				A93FFABC2872A06500142F8D /* GTNormalTableViewCell.m */,
			);
			path = FirstApp;
			sourceTree = "<group>";
		};
/* End PBXGroup section */

/* Begin PBXNativeTarget section */
		A908F14F285F2C3800374FE4 /* FirstApp */ = {
			isa = PBXNativeTarget;
			buildConfigurationList = A908F169285F2C3C00374FE4 /* Build configuration list for PBXNativeTarget "FirstApp" */;
			buildPhases = (
				A908F14C285F2C3800374FE4 /* Sources */,
				A908F14D285F2C3800374FE4 /* Frameworks */,
				A908F14E285F2C3800374FE4 /* Resources */,
			);
			buildRules = (
			);
			dependencies = (
			);
			name = FirstApp;
			productName = FirstApp;
			productReference = A908F150285F2C3800374FE4 /* FirstApp.app */;
			productType = "com.apple.product-type.application";
		};
/* End PBXNativeTarget section */

/* Begin PBXProject section */
		A908F148285F2C3700374FE4 /* Project object */ = {
			isa = PBXProject;
			attributes = {
				BuildIndependentTargetsInParallel = 1;
				LastUpgradeCheck = 1340;
				TargetAttributes = {
					A908F14F285F2C3800374FE4 = {
						CreatedOnToolsVersion = 13.4.1;
					};
				};
			};
			buildConfigurationList = A908F14B285F2C3700374FE4 /* Build configuration list for PBXProject "FirstApp" */;
			compatibilityVersion = "Xcode 13.0";
			developmentRegion = en;
			hasScannedForEncodings = 0;
			knownRegions = (
				en,
				Base,
			);
			mainGroup = A908F147285F2C3700374FE4;
			productRefGroup = A908F151285F2C3800374FE4 /* Products */;
			projectDirPath = "";
			projectRoot = "";
			targets = (
				A908F14F285F2C3800374FE4 /* FirstApp */,
			);
		};
/* End PBXProject section */

/* Begin PBXResourcesBuildPhase section */
		A908F14E285F2C3800374FE4 /* Resources */ = {
			isa = PBXResourcesBuildPhase;
			buildActionMask = 2147483647;
			files = (
				A908F163285F2C3C00374FE4 /* LaunchScreen.storyboard in Resources */,
				A908F160285F2C3C00374FE4 /* Assets.xcassets in Resources */,
				A908F15E285F2C3800374FE4 /* Main.storyboard in Resources */,
			);
			runOnlyForDeploymentPostprocessing = 0;
		};
/* End PBXResourcesBuildPhase section */

/* Begin PBXSourcesBuildPhase section */
		A908F14C285F2C3800374FE4 /* Sources */ = {
			isa = PBXSourcesBuildPhase;
			buildActionMask = 2147483647;
			files = (
				A908F15B285F2C3800374FE4 /* ViewController.m in Sources */,
				A93FFABD2872A06500142F8D /* GTNormalTableViewCell.m in Sources */,
				A908F155285F2C3800374FE4 /* AppDelegate.m in Sources */,
				A908F166285F2C3C00374FE4 /* main.m in Sources */,
				A99B234F287021E3000E8458 /* GTRecommendViewController.m in Sources */,
				A908F158285F2C3800374FE4 /* SceneDelegate.m in Sources */,
				A9AFFBE62877FC9A00A2D33B /* GTDetailViewController.m in Sources */,
				A971FBD1286AFF4300FED5A4 /* TableViewDataSource.m in Sources */,
				A9F5CFB2286DAB0A008E7533 /* GTChatViewController.m in Sources */,
			);
			runOnlyForDeploymentPostprocessing = 0;
		};
/* End PBXSourcesBuildPhase section */

/* Begin PBXVariantGroup section */
		A908F15C285F2C3800374FE4 /* Main.storyboard */ = {
			isa = PBXVariantGroup;
			children = (
				A908F15D285F2C3800374FE4 /* Base */,
			);
			name = Main.storyboard;
			sourceTree = "<group>";
		};
		A908F161285F2C3C00374FE4 /* LaunchScreen.storyboard */ = {
			isa = PBXVariantGroup;
			children = (
				A908F162285F2C3C00374FE4 /* Base */,
			);
			name = LaunchScreen.storyboard;
			sourceTree = "<group>";
		};
/* End PBXVariantGroup section */

/* Begin XCBuildConfiguration section */
		A908F167285F2C3C00374FE4 /* Debug */ = {
			isa = XCBuildConfiguration;
			buildSettings = {
				ALWAYS_SEARCH_USER_PATHS = NO;
				CLANG_ANALYZER_NONNULL = YES;
				CLANG_ANALYZER_NUMBER_OBJECT_CONVERSION = YES_AGGRESSIVE;
				CLANG_CXX_LANGUAGE_STANDARD = "gnu++17";
				CLANG_ENABLE_MODULES = YES;
				CLANG_ENABLE_OBJC_ARC = YES;
				CLANG_ENABLE_OBJC_WEAK = YES;
				CLANG_WARN_BLOCK_CAPTURE_AUTORELEASING = YES;
				CLANG_WARN_BOOL_CONVERSION = YES;
				CLANG_WARN_COMMA = YES;
				CLANG_WARN_CONSTANT_CONVERSION = YES;
				CLANG_WARN_DEPRECATED_OBJC_IMPLEMENTATIONS = YES;
				CLANG_WARN_DIRECT_OBJC_ISA_USAGE = YES_ERROR;
				CLANG_WARN_DOCUMENTATION_COMMENTS = YES;
				CLANG_WARN_EMPTY_BODY = YES;
				CLANG_WARN_ENUM_CONVERSION = YES;
				CLANG_WARN_INFINITE_RECURSION = YES;
				CLANG_WARN_INT_CONVERSION = YES;
				CLANG_WARN_NON_LITERAL_NULL_CONVERSION = YES;
				CLANG_WARN_OBJC_IMPLICIT_RETAIN_SELF = YES;
				CLANG_WARN_OBJC_LITERAL_CONVERSION = YES;
				CLANG_WARN_OBJC_ROOT_CLASS = YES_ERROR;
				CLANG_WARN_QUOTED_INCLUDE_IN_FRAMEWORK_HEADER = YES;
				CLANG_WARN_RANGE_LOOP_ANALYSIS = YES;
				CLANG_WARN_STRICT_PROTOTYPES = YES;
				CLANG_WARN_SUSPICIOUS_MOVE = YES;
				CLANG_WARN_UNGUARDED_AVAILABILITY = YES_AGGRESSIVE;
				CLANG_WARN_UNREACHABLE_CODE = YES;
				CLANG_WARN__DUPLICATE_METHOD_MATCH = YES;
				COPY_PHASE_STRIP = NO;
				DEBUG_INFORMATION_FORMAT = dwarf;
				ENABLE_STRICT_OBJC_MSGSEND = YES;
				ENABLE_TESTABILITY = YES;
				GCC_C_LANGUAGE_STANDARD = gnu11;
				GCC_DYNAMIC_NO_PIC = NO;
				GCC_NO_COMMON_BLOCKS = YES;
				GCC_OPTIMIZATION_LEVEL = 0;
				GCC_PREPROCESSOR_DEFINITIONS = (
					"DEBUG=1",
					"$(inherited)",
				);
				GCC_WARN_64_TO_32_BIT_CONVERSION = YES;
				GCC_WARN_ABOUT_RETURN_TYPE = YES_ERROR;
				GCC_WARN_UNDECLARED_SELECTOR = YES;
				GCC_WARN_UNINITIALIZED_AUTOS = YES_AGGRESSIVE;
				GCC_WARN_UNUSED_FUNCTION = YES;
				GCC_WARN_UNUSED_VARIABLE = YES;
				IPHONEOS_DEPLOYMENT_TARGET = 15.5;
				MTL_ENABLE_DEBUG_INFO = INCLUDE_SOURCE;
				MTL_FAST_MATH = YES;
				ONLY_ACTIVE_ARCH = YES;
				SDKROOT = iphoneos;
			};
			name = Debug;
		};
		A908F168285F2C3C00374FE4 /* Release */ = {
			isa = XCBuildConfiguration;
			buildSettings = {
				ALWAYS_SEARCH_USER_PATHS = NO;
				CLANG_ANALYZER_NONNULL = YES;
				CLANG_ANALYZER_NUMBER_OBJECT_CONVERSION = YES_AGGRESSIVE;
				CLANG_CXX_LANGUAGE_STANDARD = "gnu++17";
				CLANG_ENABLE_MODULES = YES;
				CLANG_ENABLE_OBJC_ARC = YES;
				CLANG_ENABLE_OBJC_WEAK = YES;
				CLANG_WARN_BLOCK_CAPTURE_AUTORELEASING = YES;
				CLANG_WARN_BOOL_CONVERSION = YES;
				CLANG_WARN_COMMA = YES;
				CLANG_WARN_CONSTANT_CONVERSION = YES;
				CLANG_WARN_DEPRECATED_OBJC_IMPLEMENTATIONS = YES;
				CLANG_WARN_DIRECT_OBJC_ISA_USAGE = YES_ERROR;
				CLANG_WARN_DOCUMENTATION_COMMENTS = YES;
				CLANG_WARN_EMPTY_BODY = YES;
				CLANG_WARN_ENUM_CONVERSION = YES;
				CLANG_WARN_INFINITE_RECURSION = YES;
				CLANG_WARN_INT_CONVERSION = YES;
				CLANG_WARN_NON_LITERAL_NULL_CONVERSION = YES;
				CLANG_WARN_OBJC_IMPLICIT_RETAIN_SELF = YES;
				CLANG_WARN_OBJC_LITERAL_CONVERSION = YES;
				CLANG_WARN_OBJC_ROOT_CLASS = YES_ERROR;
				CLANG_WARN_QUOTED_INCLUDE_IN_FRAMEWORK_HEADER = YES;
				CLANG_WARN_RANGE_LOOP_ANALYSIS = YES;
				CLANG_WARN_STRICT_PROTOTYPES = YES;
				CLANG_WARN_SUSPICIOUS_MOVE = YES;
				CLANG_WARN_UNGUARDED_AVAILABILITY = YES_AGGRESSIVE;
				CLANG_WARN_UNREACHABLE_CODE = YES;
				CLANG_WARN__DUPLICATE_METHOD_MATCH = YES;
				COPY_PHASE_STRIP = NO;
				DEBUG_INFORMATION_FORMAT = "dwarf-with-dsym";
				ENABLE_NS_ASSERTIONS = NO;
				ENABLE_STRICT_OBJC_MSGSEND = YES;
				GCC_C_LANGUAGE_STANDARD = gnu11;
				GCC_NO_COMMON_BLOCKS = YES;
				GCC_WARN_64_TO_32_BIT_CONVERSION = YES;
				GCC_WARN_ABOUT_RETURN_TYPE = YES_ERROR;
				GCC_WARN_UNDECLARED_SELECTOR = YES;
				GCC_WARN_UNINITIALIZED_AUTOS = YES_AGGRESSIVE;
				GCC_WARN_UNUSED_FUNCTION = YES;
				GCC_WARN_UNUSED_VARIABLE = YES;
				IPHONEOS_DEPLOYMENT_TARGET = 15.5;
				MTL_ENABLE_DEBUG_INFO = NO;
				MTL_FAST_MATH = YES;
				SDKROOT = iphoneos;
				VALIDATE_PRODUCT = YES;
			};
			name = Release;
		};
		A908F16A285F2C3C00374FE4 /* Debug */ = {
			isa = XCBuildConfiguration;
			buildSettings = {
				ASSETCATALOG_COMPILER_APPICON_NAME = AppIcon;
				ASSETCATALOG_COMPILER_GLOBAL_ACCENT_COLOR_NAME = AccentColor;
				CODE_SIGN_STYLE = Automatic;
				CURRENT_PROJECT_VERSION = 1;
				GENERATE_INFOPLIST_FILE = YES;
				INFOPLIST_FILE = FirstApp/Info.plist;
				INFOPLIST_KEY_UIApplicationSupportsIndirectInputEvents = YES;
				INFOPLIST_KEY_UILaunchStoryboardName = LaunchScreen;
				INFOPLIST_KEY_UIMainStoryboardFile = Main;
				INFOPLIST_KEY_UISupportedInterfaceOrientations_iPad = "UIInterfaceOrientationPortrait UIInterfaceOrientationPortraitUpsideDown UIInterfaceOrientationLandscapeLeft UIInterfaceOrientationLandscapeRight";
				INFOPLIST_KEY_UISupportedInterfaceOrientations_iPhone = "UIInterfaceOrientationPortrait UIInterfaceOrientationLandscapeLeft UIInterfaceOrientationLandscapeRight";
				LD_RUNPATH_SEARCH_PATHS = (
					"$(inherited)",
					"@executable_path/Frameworks",
				);
				MARKETING_VERSION = 1.0;
				PRODUCT_BUNDLE_IDENTIFIER = gaoyang.FirstApp;
				PRODUCT_NAME = "$(TARGET_NAME)";
				SWIFT_EMIT_LOC_STRINGS = YES;
				TARGETED_DEVICE_FAMILY = "1,2";
			};
			name = Debug;
		};
		A908F16B285F2C3C00374FE4 /* Release */ = {
			isa = XCBuildConfiguration;
			buildSettings = {
				ASSETCATALOG_COMPILER_APPICON_NAME = AppIcon;
				ASSETCATALOG_COMPILER_GLOBAL_ACCENT_COLOR_NAME = AccentColor;
				CODE_SIGN_STYLE = Automatic;
				CURRENT_PROJECT_VERSION = 1;
				GENERATE_INFOPLIST_FILE = YES;
				INFOPLIST_FILE = FirstApp/Info.plist;
				INFOPLIST_KEY_UIApplicationSupportsIndirectInputEvents = YES;
				INFOPLIST_KEY_UILaunchStoryboardName = LaunchScreen;
				INFOPLIST_KEY_UIMainStoryboardFile = Main;
				INFOPLIST_KEY_UISupportedInterfaceOrientations_iPad = "UIInterfaceOrientationPortrait UIInterfaceOrientationPortraitUpsideDown UIInterfaceOrientationLandscapeLeft UIInterfaceOrientationLandscapeRight";
				INFOPLIST_KEY_UISupportedInterfaceOrientations_iPhone = "UIInterfaceOrientationPortrait UIInterfaceOrientationLandscapeLeft UIInterfaceOrientationLandscapeRight";
				LD_RUNPATH_SEARCH_PATHS = (
					"$(inherited)",
					"@executable_path/Frameworks",
				);
				MARKETING_VERSION = 1.0;
				PRODUCT_BUNDLE_IDENTIFIER = gaoyang.FirstApp;
				PRODUCT_NAME = "$(TARGET_NAME)";
				SWIFT_EMIT_LOC_STRINGS = YES;
				TARGETED_DEVICE_FAMILY = "1,2";
			};
			name = Release;
		};
/* End XCBuildConfiguration section */

/* Begin XCConfigurationList section */
		A908F14B285F2C3700374FE4 /* Build configuration list for PBXProject "FirstApp" */ = {
			isa = XCConfigurationList;
			buildConfigurations = (
				A908F167285F2C3C00374FE4 /* Debug */,
				A908F168285F2C3C00374FE4 /* Release */,
			);
			defaultConfigurationIsVisible = 0;
			defaultConfigurationName = Release;
		};
		A908F169285F2C3C00374FE4 /* Build configuration list for PBXNativeTarget "FirstApp" */ = {
			isa = XCConfigurationList;
			buildConfigurations = (
				A908F16A285F2C3C00374FE4 /* Debug */,
				A908F16B285F2C3C00374FE4 /* Release */,
			);
			defaultConfigurationIsVisible = 0;
			defaultConfigurationName = Release;
		};
/* End XCConfigurationList section */
	};
	rootObject = A908F148285F2C3700374FE4 /* Project object */;
}
